// !$*UTF8*$!
{
	archiveVersion = 1;
	classes = {
	};
	objectVersion = 46;
	objects = {

/* Begin PBXBuildFile section */
		47B241DC298155E1A534AF4B /* Pods_GRKCircularGraphViewTestApp.framework in Frameworks */ = {isa = PBXBuildFile; fileRef = F8D65BEC6080F01BAE4B2929 /* Pods_GRKCircularGraphViewTestApp.framework */; };
		DBC09F5F19929E5F00475E89 /* Foundation.framework in Frameworks */ = {isa = PBXBuildFile; fileRef = DBC09F5E19929E5F00475E89 /* Foundation.framework */; };
		DBC09F6119929E5F00475E89 /* CoreGraphics.framework in Frameworks */ = {isa = PBXBuildFile; fileRef = DBC09F6019929E5F00475E89 /* CoreGraphics.framework */; };
		DBC09F6319929E5F00475E89 /* UIKit.framework in Frameworks */ = {isa = PBXBuildFile; fileRef = DBC09F6219929E5F00475E89 /* UIKit.framework */; };
		DBC09F6919929E5F00475E89 /* InfoPlist.strings in Resources */ = {isa = PBXBuildFile; fileRef = DBC09F6719929E5F00475E89 /* InfoPlist.strings */; };
		DBC09F6B19929E5F00475E89 /* main.m in Sources */ = {isa = PBXBuildFile; fileRef = DBC09F6A19929E5F00475E89 /* main.m */; };
		DBC09F6F19929E5F00475E89 /* GRKAppDelegate.m in Sources */ = {isa = PBXBuildFile; fileRef = DBC09F6E19929E5F00475E89 /* GRKAppDelegate.m */; };
		DBC09F7219929E5F00475E89 /* Main.storyboard in Resources */ = {isa = PBXBuildFile; fileRef = DBC09F7019929E5F00475E89 /* Main.storyboard */; };
		DBC09F7519929E5F00475E89 /* GRKViewController.m in Sources */ = {isa = PBXBuildFile; fileRef = DBC09F7419929E5F00475E89 /* GRKViewController.m */; };
		DBC09F7719929E5F00475E89 /* Images.xcassets in Resources */ = {isa = PBXBuildFile; fileRef = DBC09F7619929E5F00475E89 /* Images.xcassets */; };
		DBC09F7E19929E5F00475E89 /* XCTest.framework in Frameworks */ = {isa = PBXBuildFile; fileRef = DBC09F7D19929E5F00475E89 /* XCTest.framework */; };
		DBC09F7F19929E5F00475E89 /* Foundation.framework in Frameworks */ = {isa = PBXBuildFile; fileRef = DBC09F5E19929E5F00475E89 /* Foundation.framework */; };
		DBC09F8019929E5F00475E89 /* UIKit.framework in Frameworks */ = {isa = PBXBuildFile; fileRef = DBC09F6219929E5F00475E89 /* UIKit.framework */; };
		DBC09F8819929E5F00475E89 /* InfoPlist.strings in Resources */ = {isa = PBXBuildFile; fileRef = DBC09F8619929E5F00475E89 /* InfoPlist.strings */; };
		DBC09F8A19929E5F00475E89 /* GRKCircularGraphViewTestAppTests.m in Sources */ = {isa = PBXBuildFile; fileRef = DBC09F8919929E5F00475E89 /* GRKCircularGraphViewTestAppTests.m */; };
/* End PBXBuildFile section */

/* Begin PBXContainerItemProxy section */
		DBC09F8119929E5F00475E89 /* PBXContainerItemProxy */ = {
			isa = PBXContainerItemProxy;
			containerPortal = DBC09F5319929E5F00475E89 /* Project object */;
			proxyType = 1;
			remoteGlobalIDString = DBC09F5A19929E5F00475E89;
			remoteInfo = GRKCircularGraphViewTestApp;
		};
/* End PBXContainerItemProxy section */

/* Begin PBXFileReference section */
		1E0EF7D4E9DC3D7F21061AFF /* Pods-GRKCircularGraphViewTestApp.debug.xcconfig */ = {isa = PBXFileReference; includeInIndex = 1; lastKnownFileType = text.xcconfig; name = "Pods-GRKCircularGraphViewTestApp.debug.xcconfig"; path = "Pods/Target Support Files/Pods-GRKCircularGraphViewTestApp/Pods-GRKCircularGraphViewTestApp.debug.xcconfig"; sourceTree = "<group>"; };
		41B630106B388B3CFC1EBC09 /* Pods-GRKCircularGraphViewTestApp.release.xcconfig */ = {isa = PBXFileReference; includeInIndex = 1; lastKnownFileType = text.xcconfig; name = "Pods-GRKCircularGraphViewTestApp.release.xcconfig"; path = "Pods/Target Support Files/Pods-GRKCircularGraphViewTestApp/Pods-GRKCircularGraphViewTestApp.release.xcconfig"; sourceTree = "<group>"; };
		DBC09F5B19929E5F00475E89 /* GRKCircularGraphViewTestApp.app */ = {isa = PBXFileReference; explicitFileType = wrapper.application; includeInIndex = 0; path = GRKCircularGraphViewTestApp.app; sourceTree = BUILT_PRODUCTS_DIR; };
		DBC09F5E19929E5F00475E89 /* Foundation.framework */ = {isa = PBXFileReference; lastKnownFileType = wrapper.framework; name = Foundation.framework; path = System/Library/Frameworks/Foundation.framework; sourceTree = SDKROOT; };
		DBC09F6019929E5F00475E89 /* CoreGraphics.framework */ = {isa = PBXFileReference; lastKnownFileType = wrapper.framework; name = CoreGraphics.framework; path = System/Library/Frameworks/CoreGraphics.framework; sourceTree = SDKROOT; };
		DBC09F6219929E5F00475E89 /* UIKit.framework */ = {isa = PBXFileReference; lastKnownFileType = wrapper.framework; name = UIKit.framework; path = System/Library/Frameworks/UIKit.framework; sourceTree = SDKROOT; };
		DBC09F6619929E5F00475E89 /* GRKCircularGraphViewTestApp-Info.plist */ = {isa = PBXFileReference; lastKnownFileType = text.plist.xml; path = "GRKCircularGraphViewTestApp-Info.plist"; sourceTree = "<group>"; };
		DBC09F6819929E5F00475E89 /* en */ = {isa = PBXFileReference; lastKnownFileType = text.plist.strings; name = en; path = en.lproj/InfoPlist.strings; sourceTree = "<group>"; };
		DBC09F6A19929E5F00475E89 /* main.m */ = {isa = PBXFileReference; lastKnownFileType = sourcecode.c.objc; path = main.m; sourceTree = "<group>"; };
		DBC09F6C19929E5F00475E89 /* GRKCircularGraphViewTestApp-Prefix.pch */ = {isa = PBXFileReference; lastKnownFileType = sourcecode.c.h; path = "GRKCircularGraphViewTestApp-Prefix.pch"; sourceTree = "<group>"; };
		DBC09F6D19929E5F00475E89 /* GRKAppDelegate.h */ = {isa = PBXFileReference; lastKnownFileType = sourcecode.c.h; path = GRKAppDelegate.h; sourceTree = "<group>"; };
		DBC09F6E19929E5F00475E89 /* GRKAppDelegate.m */ = {isa = PBXFileReference; lastKnownFileType = sourcecode.c.objc; path = GRKAppDelegate.m; sourceTree = "<group>"; };
		DBC09F7119929E5F00475E89 /* Base */ = {isa = PBXFileReference; lastKnownFileType = file.storyboard; name = Base; path = Base.lproj/Main.storyboard; sourceTree = "<group>"; };
		DBC09F7319929E5F00475E89 /* GRKViewController.h */ = {isa = PBXFileReference; lastKnownFileType = sourcecode.c.h; path = GRKViewController.h; sourceTree = "<group>"; };
		DBC09F7419929E5F00475E89 /* GRKViewController.m */ = {isa = PBXFileReference; lastKnownFileType = sourcecode.c.objc; path = GRKViewController.m; sourceTree = "<group>"; };
		DBC09F7619929E5F00475E89 /* Images.xcassets */ = {isa = PBXFileReference; lastKnownFileType = folder.assetcatalog; path = Images.xcassets; sourceTree = "<group>"; };
		DBC09F7C19929E5F00475E89 /* GRKCircularGraphViewTestAppTests.xctest */ = {isa = PBXFileReference; explicitFileType = wrapper.cfbundle; includeInIndex = 0; path = GRKCircularGraphViewTestAppTests.xctest; sourceTree = BUILT_PRODUCTS_DIR; };
		DBC09F7D19929E5F00475E89 /* XCTest.framework */ = {isa = PBXFileReference; lastKnownFileType = wrapper.framework; name = XCTest.framework; path = Library/Frameworks/XCTest.framework; sourceTree = DEVELOPER_DIR; };
		DBC09F8519929E5F00475E89 /* GRKCircularGraphViewTestAppTests-Info.plist */ = {isa = PBXFileReference; lastKnownFileType = text.plist.xml; path = "GRKCircularGraphViewTestAppTests-Info.plist"; sourceTree = "<group>"; };
		DBC09F8719929E5F00475E89 /* en */ = {isa = PBXFileReference; lastKnownFileType = text.plist.strings; name = en; path = en.lproj/InfoPlist.strings; sourceTree = "<group>"; };
		DBC09F8919929E5F00475E89 /* GRKCircularGraphViewTestAppTests.m */ = {isa = PBXFileReference; lastKnownFileType = sourcecode.c.objc; path = GRKCircularGraphViewTestAppTests.m; sourceTree = "<group>"; };
		F8D65BEC6080F01BAE4B2929 /* Pods_GRKCircularGraphViewTestApp.framework */ = {isa = PBXFileReference; explicitFileType = wrapper.framework; includeInIndex = 0; path = Pods_GRKCircularGraphViewTestApp.framework; sourceTree = BUILT_PRODUCTS_DIR; };
/* End PBXFileReference section */

/* Begin PBXFrameworksBuildPhase section */
		DBC09F5819929E5F00475E89 /* Frameworks */ = {
			isa = PBXFrameworksBuildPhase;
			buildActionMask = 2147483647;
			files = (
				DBC09F6119929E5F00475E89 /* CoreGraphics.framework in Frameworks */,
				DBC09F6319929E5F00475E89 /* UIKit.framework in Frameworks */,
				DBC09F5F19929E5F00475E89 /* Foundation.framework in Frameworks */,
				47B241DC298155E1A534AF4B /* Pods_GRKCircularGraphViewTestApp.framework in Frameworks */,
			);
			runOnlyForDeploymentPostprocessing = 0;
		};
		DBC09F7919929E5F00475E89 /* Frameworks */ = {
			isa = PBXFrameworksBuildPhase;
			buildActionMask = 2147483647;
			files = (
				DBC09F7E19929E5F00475E89 /* XCTest.framework in Frameworks */,
				DBC09F8019929E5F00475E89 /* UIKit.framework in Frameworks */,
				DBC09F7F19929E5F00475E89 /* Foundation.framework in Frameworks */,
			);
			runOnlyForDeploymentPostprocessing = 0;
		};
/* End PBXFrameworksBuildPhase section */

/* Begin PBXGroup section */
		DBC09F5219929E5F00475E89 = {
			isa = PBXGroup;
			children = (
				DBC09F6419929E5F00475E89 /* GRKCircularGraphViewTestApp */,
				DBC09F8319929E5F00475E89 /* GRKCircularGraphViewTestAppTests */,
				DBC09F5D19929E5F00475E89 /* Frameworks */,
				DBC09F5C19929E5F00475E89 /* Products */,
				E43D6DC2F7C224C22905F118 /* Pods */,
			);
			sourceTree = "<group>";
		};
		DBC09F5C19929E5F00475E89 /* Products */ = {
			isa = PBXGroup;
			children = (
				DBC09F5B19929E5F00475E89 /* GRKCircularGraphViewTestApp.app */,
				DBC09F7C19929E5F00475E89 /* GRKCircularGraphViewTestAppTests.xctest */,
			);
			name = Products;
			sourceTree = "<group>";
		};
		DBC09F5D19929E5F00475E89 /* Frameworks */ = {
			isa = PBXGroup;
			children = (
				DBC09F5E19929E5F00475E89 /* Foundation.framework */,
				DBC09F6019929E5F00475E89 /* CoreGraphics.framework */,
				DBC09F6219929E5F00475E89 /* UIKit.framework */,
				DBC09F7D19929E5F00475E89 /* XCTest.framework */,
				F8D65BEC6080F01BAE4B2929 /* Pods_GRKCircularGraphViewTestApp.framework */,
			);
			name = Frameworks;
			sourceTree = "<group>";
		};
		DBC09F6419929E5F00475E89 /* GRKCircularGraphViewTestApp */ = {
			isa = PBXGroup;
			children = (
				DBC09F6D19929E5F00475E89 /* GRKAppDelegate.h */,
				DBC09F6E19929E5F00475E89 /* GRKAppDelegate.m */,
				DBC09F7019929E5F00475E89 /* Main.storyboard */,
				DBC09F7319929E5F00475E89 /* GRKViewController.h */,
				DBC09F7419929E5F00475E89 /* GRKViewController.m */,
				DBC09F7619929E5F00475E89 /* Images.xcassets */,
				DBC09F6519929E5F00475E89 /* Supporting Files */,
			);
			path = GRKCircularGraphViewTestApp;
			sourceTree = "<group>";
		};
		DBC09F6519929E5F00475E89 /* Supporting Files */ = {
			isa = PBXGroup;
			children = (
				DBC09F6619929E5F00475E89 /* GRKCircularGraphViewTestApp-Info.plist */,
				DBC09F6719929E5F00475E89 /* InfoPlist.strings */,
				DBC09F6A19929E5F00475E89 /* main.m */,
				DBC09F6C19929E5F00475E89 /* GRKCircularGraphViewTestApp-Prefix.pch */,
			);
			name = "Supporting Files";
			sourceTree = "<group>";
		};
		DBC09F8319929E5F00475E89 /* GRKCircularGraphViewTestAppTests */ = {
			isa = PBXGroup;
			children = (
				DBC09F8919929E5F00475E89 /* GRKCircularGraphViewTestAppTests.m */,
				DBC09F8419929E5F00475E89 /* Supporting Files */,
			);
			path = GRKCircularGraphViewTestAppTests;
			sourceTree = "<group>";
		};
		DBC09F8419929E5F00475E89 /* Supporting Files */ = {
			isa = PBXGroup;
			children = (
				DBC09F8519929E5F00475E89 /* GRKCircularGraphViewTestAppTests-Info.plist */,
				DBC09F8619929E5F00475E89 /* InfoPlist.strings */,
			);
			name = "Supporting Files";
			sourceTree = "<group>";
		};
		E43D6DC2F7C224C22905F118 /* Pods */ = {
			isa = PBXGroup;
			children = (
				1E0EF7D4E9DC3D7F21061AFF /* Pods-GRKCircularGraphViewTestApp.debug.xcconfig */,
				41B630106B388B3CFC1EBC09 /* Pods-GRKCircularGraphViewTestApp.release.xcconfig */,
			);
			name = Pods;
			sourceTree = "<group>";
		};
/* End PBXGroup section */

/* Begin PBXNativeTarget section */
		DBC09F5A19929E5F00475E89 /* GRKCircularGraphViewTestApp */ = {
			isa = PBXNativeTarget;
			buildConfigurationList = DBC09F8D19929E5F00475E89 /* Build configuration list for PBXNativeTarget "GRKCircularGraphViewTestApp" */;
			buildPhases = (
				9A62FD707ADF76298DA5C0E8 /* [CP] Check Pods Manifest.lock */,
				DBC09F5719929E5F00475E89 /* Sources */,
				DBC09F5819929E5F00475E89 /* Frameworks */,
				DBC09F5919929E5F00475E89 /* Resources */,
				8FA756A2C287F0FFD884D3AE /* [CP] Embed Pods Frameworks */,
				15911A57E8DE390DC7C21665 /* [CP] Copy Pods Resources */,
			);
			buildRules = (
			);
			dependencies = (
			);
			name = GRKCircularGraphViewTestApp;
			productName = GRKCircularGraphViewTestApp;
			productReference = DBC09F5B19929E5F00475E89 /* GRKCircularGraphViewTestApp.app */;
			productType = "com.apple.product-type.application";
		};
		DBC09F7B19929E5F00475E89 /* GRKCircularGraphViewTestAppTests */ = {
			isa = PBXNativeTarget;
			buildConfigurationList = DBC09F9019929E5F00475E89 /* Build configuration list for PBXNativeTarget "GRKCircularGraphViewTestAppTests" */;
			buildPhases = (
				DBC09F7819929E5F00475E89 /* Sources */,
				DBC09F7919929E5F00475E89 /* Frameworks */,
				DBC09F7A19929E5F00475E89 /* Resources */,
			);
			buildRules = (
			);
			dependencies = (
				DBC09F8219929E5F00475E89 /* PBXTargetDependency */,
			);
			name = GRKCircularGraphViewTestAppTests;
			productName = GRKCircularGraphViewTestAppTests;
			productReference = DBC09F7C19929E5F00475E89 /* GRKCircularGraphViewTestAppTests.xctest */;
			productType = "com.apple.product-type.bundle.unit-test";
		};
/* End PBXNativeTarget section */

/* Begin PBXProject section */
		DBC09F5319929E5F00475E89 /* Project object */ = {
			isa = PBXProject;
			attributes = {
				CLASSPREFIX = GRK;
				LastUpgradeCheck = 0820;
				ORGANIZATIONNAME = "Levi Brown";
				TargetAttributes = {
					DBC09F7B19929E5F00475E89 = {
						TestTargetID = DBC09F5A19929E5F00475E89;
					};
				};
			};
			buildConfigurationList = DBC09F5619929E5F00475E89 /* Build configuration list for PBXProject "GRKCircularGraphViewTestApp" */;
			compatibilityVersion = "Xcode 3.2";
			developmentRegion = English;
			hasScannedForEncodings = 0;
			knownRegions = (
				en,
				Base,
			);
			mainGroup = DBC09F5219929E5F00475E89;
			productRefGroup = DBC09F5C19929E5F00475E89 /* Products */;
			projectDirPath = "";
			projectRoot = "";
			targets = (
				DBC09F5A19929E5F00475E89 /* GRKCircularGraphViewTestApp */,
				DBC09F7B19929E5F00475E89 /* GRKCircularGraphViewTestAppTests */,
			);
		};
/* End PBXProject section */

/* Begin PBXResourcesBuildPhase section */
		DBC09F5919929E5F00475E89 /* Resources */ = {
			isa = PBXResourcesBuildPhase;
			buildActionMask = 2147483647;
			files = (
				DBC09F7719929E5F00475E89 /* Images.xcassets in Resources */,
				DBC09F6919929E5F00475E89 /* InfoPlist.strings in Resources */,
				DBC09F7219929E5F00475E89 /* Main.storyboard in Resources */,
			);
			runOnlyForDeploymentPostprocessing = 0;
		};
		DBC09F7A19929E5F00475E89 /* Resources */ = {
			isa = PBXResourcesBuildPhase;
			buildActionMask = 2147483647;
			files = (
				DBC09F8819929E5F00475E89 /* InfoPlist.strings in Resources */,
			);
			runOnlyForDeploymentPostprocessing = 0;
		};
/* End PBXResourcesBuildPhase section */

/* Begin PBXShellScriptBuildPhase section */
		15911A57E8DE390DC7C21665 /* [CP] Copy Pods Resources */ = {
			isa = PBXShellScriptBuildPhase;
			buildActionMask = 2147483647;
			files = (
			);
			inputPaths = (
			);
			name = "[CP] Copy Pods Resources";
			outputPaths = (
			);
			runOnlyForDeploymentPostprocessing = 0;
			shellPath = /bin/sh;
			shellScript = "\"${SRCROOT}/Pods/Target Support Files/Pods-GRKCircularGraphViewTestApp/Pods-GRKCircularGraphViewTestApp-resources.sh\"\n";
			showEnvVarsInLog = 0;
		};
		8FA756A2C287F0FFD884D3AE /* [CP] Embed Pods Frameworks */ = {
			isa = PBXShellScriptBuildPhase;
			buildActionMask = 2147483647;
			files = (
			);
			inputPaths = (
			);
			name = "[CP] Embed Pods Frameworks";
			outputPaths = (
			);
			runOnlyForDeploymentPostprocessing = 0;
			shellPath = /bin/sh;
			shellScript = "\"${SRCROOT}/Pods/Target Support Files/Pods-GRKCircularGraphViewTestApp/Pods-GRKCircularGraphViewTestApp-frameworks.sh\"\n";
			showEnvVarsInLog = 0;
		};
		9A62FD707ADF76298DA5C0E8 /* [CP] Check Pods Manifest.lock */ = {
			isa = PBXShellScriptBuildPhase;
			buildActionMask = 2147483647;
			files = (
			);
			inputPaths = (
			);
			name = "[CP] Check Pods Manifest.lock";
			outputPaths = (
			);
			runOnlyForDeploymentPostprocessing = 0;
			shellPath = /bin/sh;
			shellScript = "diff \"${PODS_PODFILE_DIR_PATH}/Podfile.lock\" \"${PODS_ROOT}/Manifest.lock\" > /dev/null\nif [ $? != 0 ] ; then\n    # print error to STDERR\n    echo \"error: The sandbox is not in sync with the Podfile.lock. Run 'pod install' or update your CocoaPods installation.\" >&2\n    exit 1\nfi\n";
			showEnvVarsInLog = 0;
		};
/* End PBXShellScriptBuildPhase section */

/* Begin PBXSourcesBuildPhase section */
		DBC09F5719929E5F00475E89 /* Sources */ = {
			isa = PBXSourcesBuildPhase;
			buildActionMask = 2147483647;
			files = (
				DBC09F7519929E5F00475E89 /* GRKViewController.m in Sources */,
				DBC09F6B19929E5F00475E89 /* main.m in Sources */,
				DBC09F6F19929E5F00475E89 /* GRKAppDelegate.m in Sources */,
			);
			runOnlyForDeploymentPostprocessing = 0;
		};
		DBC09F7819929E5F00475E89 /* Sources */ = {
			isa = PBXSourcesBuildPhase;
			buildActionMask = 2147483647;
			files = (
				DBC09F8A19929E5F00475E89 /* GRKCircularGraphViewTestAppTests.m in Sources */,
			);
			runOnlyForDeploymentPostprocessing = 0;
		};
/* End PBXSourcesBuildPhase section */

/* Begin PBXTargetDependency section */
		DBC09F8219929E5F00475E89 /* PBXTargetDependency */ = {
			isa = PBXTargetDependency;
			target = DBC09F5A19929E5F00475E89 /* GRKCircularGraphViewTestApp */;
			targetProxy = DBC09F8119929E5F00475E89 /* PBXContainerItemProxy */;
		};
/* End PBXTargetDependency section */

/* Begin PBXVariantGroup section */
		DBC09F6719929E5F00475E89 /* InfoPlist.strings */ = {
			isa = PBXVariantGroup;
			children = (
				DBC09F6819929E5F00475E89 /* en */,
			);
			name = InfoPlist.strings;
			sourceTree = "<group>";
		};
		DBC09F7019929E5F00475E89 /* Main.storyboard */ = {
			isa = PBXVariantGroup;
			children = (
				DBC09F7119929E5F00475E89 /* Base */,
			);
			name = Main.storyboard;
			sourceTree = "<group>";
		};
		DBC09F8619929E5F00475E89 /* InfoPlist.strings */ = {
			isa = PBXVariantGroup;
			children = (
				DBC09F8719929E5F00475E89 /* en */,
			);
			name = InfoPlist.strings;
			sourceTree = "<group>";
		};
/* End PBXVariantGroup section */

/* Begin XCBuildConfiguration section */
		DBC09F8B19929E5F00475E89 /* Debug */ = {
			isa = XCBuildConfiguration;
			buildSettings = {
				ALWAYS_SEARCH_USER_PATHS = NO;
				CLANG_CXX_LANGUAGE_STANDARD = "gnu++0x";
				CLANG_CXX_LIBRARY = "libc++";
				CLANG_ENABLE_MODULES = YES;
				CLANG_ENABLE_OBJC_ARC = YES;
				CLANG_WARN_BOOL_CONVERSION = YES;
				CLANG_WARN_CONSTANT_CONVERSION = YES;
				CLANG_WARN_DIRECT_OBJC_ISA_USAGE = YES_ERROR;
				CLANG_WARN_EMPTY_BODY = YES;
				CLANG_WARN_ENUM_CONVERSION = YES;
				CLANG_WARN_INFINITE_RECURSION = YES;
				CLANG_WARN_INT_CONVERSION = YES;
				CLANG_WARN_OBJC_ROOT_CLASS = YES_ERROR;
				CLANG_WARN_SUSPICIOUS_MOVE = YES;
				CLANG_WARN_UNREACHABLE_CODE = YES;
				CLANG_WARN__DUPLICATE_METHOD_MATCH = YES;
				"CODE_SIGN_IDENTITY[sdk=iphoneos*]" = "iPhone Developer";
				COPY_PHASE_STRIP = NO;
				ENABLE_STRICT_OBJC_MSGSEND = YES;
				ENABLE_TESTABILITY = YES;
				GCC_C_LANGUAGE_STANDARD = gnu99;
				GCC_DYNAMIC_NO_PIC = NO;
				GCC_NO_COMMON_BLOCKS = YES;
				GCC_OPTIMIZATION_LEVEL = 0;
				GCC_PREPROCESSOR_DEFINITIONS = (
					"DEBUG=1",
					"$(inherited)",
				);
				GCC_SYMBOLS_PRIVATE_EXTERN = NO;
				GCC_WARN_64_TO_32_BIT_CONVERSION = YES;
				GCC_WARN_ABOUT_RETURN_TYPE = YES_ERROR;
				GCC_WARN_UNDECLARED_SELECTOR = YES;
				GCC_WARN_UNINITIALIZED_AUTOS = YES_AGGRESSIVE;
				GCC_WARN_UNUSED_FUNCTION = YES;
				GCC_WARN_UNUSED_VARIABLE = YES;
				IPHONEOS_DEPLOYMENT_TARGET = 9.0;
				ONLY_ACTIVE_ARCH = YES;
				SDKROOT = iphoneos;
			};
			name = Debug;
		};
		DBC09F8C19929E5F00475E89 /* Release */ = {
			isa = XCBuildConfiguration;
			buildSettings = {
				ALWAYS_SEARCH_USER_PATHS = NO;
				CLANG_CXX_LANGUAGE_STANDARD = "gnu++0x";
				CLANG_CXX_LIBRARY = "libc++";
				CLANG_ENABLE_MODULES = YES;
				CLANG_ENABLE_OBJC_ARC = YES;
				CLANG_WARN_BOOL_CONVERSION = YES;
				CLANG_WARN_CONSTANT_CONVERSION = YES;
				CLANG_WARN_DIRECT_OBJC_ISA_USAGE = YES_ERROR;
				CLANG_WARN_EMPTY_BODY = YES;
				CLANG_WARN_ENUM_CONVERSION = YES;
				CLANG_WARN_INFINITE_RECURSION = YES;
				CLANG_WARN_INT_CONVERSION = YES;
				CLANG_WARN_OBJC_ROOT_CLASS = YES_ERROR;
				CLANG_WARN_SUSPICIOUS_MOVE = YES;
				CLANG_WARN_UNREACHABLE_CODE = YES;
				CLANG_WARN__DUPLICATE_METHOD_MATCH = YES;
				"CODE_SIGN_IDENTITY[sdk=iphoneos*]" = "iPhone Developer";
				COPY_PHASE_STRIP = YES;
				ENABLE_NS_ASSERTIONS = NO;
				ENABLE_STRICT_OBJC_MSGSEND = YES;
				GCC_C_LANGUAGE_STANDARD = gnu99;
				GCC_NO_COMMON_BLOCKS = YES;
				GCC_WARN_64_TO_32_BIT_CONVERSION = YES;
				GCC_WARN_ABOUT_RETURN_TYPE = YES_ERROR;
				GCC_WARN_UNDECLARED_SELECTOR = YES;
				GCC_WARN_UNINITIALIZED_AUTOS = YES_AGGRESSIVE;
				GCC_WARN_UNUSED_FUNCTION = YES;
				GCC_WARN_UNUSED_VARIABLE = YES;
				IPHONEOS_DEPLOYMENT_TARGET = 9.0;
				SDKROOT = iphoneos;
				VALIDATE_PRODUCT = YES;
			};
			name = Release;
		};
		DBC09F8E19929E5F00475E89 /* Debug */ = {
			isa = XCBuildConfiguration;
			baseConfigurationReference = 1E0EF7D4E9DC3D7F21061AFF /* Pods-GRKCircularGraphViewTestApp.debug.xcconfig */;
			buildSettings = {
				ASSETCATALOG_COMPILER_APPICON_NAME = AppIcon;
				ASSETCATALOG_COMPILER_LAUNCHIMAGE_NAME = LaunchImage;
				GCC_PRECOMPILE_PREFIX_HEADER = YES;
				GCC_PREFIX_HEADER = "GRKCircularGraphViewTestApp/GRKCircularGraphViewTestApp-Prefix.pch";
				INFOPLIST_FILE = "GRKCircularGraphViewTestApp/GRKCircularGraphViewTestApp-Info.plist";
				PRODUCT_BUNDLE_IDENTIFIER = "com.levigroker.${PRODUCT_NAME:rfc1034identifier}";
				PRODUCT_NAME = "$(TARGET_NAME)";
				WRAPPER_EXTENSION = app;
			};
			name = Debug;
		};
		DBC09F8F19929E5F00475E89 /* Release */ = {
			isa = XCBuildConfiguration;
			baseConfigurationReference = 41B630106B388B3CFC1EBC09 /* Pods-GRKCircularGraphViewTestApp.release.xcconfig */;
			buildSettings = {
				ASSETCATALOG_COMPILER_APPICON_NAME = AppIcon;
				ASSETCATALOG_COMPILER_LAUNCHIMAGE_NAME = LaunchImage;
				GCC_PRECOMPILE_PREFIX_HEADER = YES;
				GCC_PREFIX_HEADER = "GRKCircularGraphViewTestApp/GRKCircularGraphViewTestApp-Prefix.pch";
				INFOPLIST_FILE = "GRKCircularGraphViewTestApp/GRKCircularGraphViewTestApp-Info.plist";
				PRODUCT_BUNDLE_IDENTIFIER = "com.levigroker.${PRODUCT_NAME:rfc1034identifier}";
				PRODUCT_NAME = "$(TARGET_NAME)";
				WRAPPER_EXTENSION = app;
			};
			name = Release;
		};
		DBC09F9119929E5F00475E89 /* Debug */ = {
			isa = XCBuildConfiguration;
			buildSettings = {
				BUNDLE_LOADER = "$(BUILT_PRODUCTS_DIR)/GRKCircularGraphViewTestApp.app/GRKCircularGraphViewTestApp";
				FRAMEWORK_SEARCH_PATHS = (
					"$(SDKROOT)/Developer/Library/Frameworks",
					"$(inherited)",
					"$(DEVELOPER_FRAMEWORKS_DIR)",
				);
				GCC_PRECOMPILE_PREFIX_HEADER = YES;
				GCC_PREFIX_HEADER = "GRKCircularGraphViewTestApp/GRKCircularGraphViewTestApp-Prefix.pch";
				GCC_PREPROCESSOR_DEFINITIONS = (
					"DEBUG=1",
					"$(inherited)",
				);
				INFOPLIST_FILE = "GRKCircularGraphViewTestAppTests/GRKCircularGraphViewTestAppTests-Info.plist";
				PRODUCT_BUNDLE_IDENTIFIER = "com.levigroker.${PRODUCT_NAME:rfc1034identifier}";
				PRODUCT_NAME = "$(TARGET_NAME)";
				TEST_HOST = "$(BUNDLE_LOADER)";
				WRAPPER_EXTENSION = xctest;
			};
			name = Debug;
		};
		DBC09F9219929E5F00475E89 /* Release */ = {
			isa = XCBuildConfiguration;
			buildSettings = {
				BUNDLE_LOADER = "$(BUILT_PRODUCTS_DIR)/GRKCircularGraphViewTestApp.app/GRKCircularGraphViewTestApp";
				FRAMEWORK_SEARCH_PATHS = (
					"$(SDKROOT)/Developer/Library/Frameworks",
					"$(inherited)",
					"$(DEVELOPER_FRAMEWORKS_DIR)",
				);
				GCC_PRECOMPILE_PREFIX_HEADER = YES;
				GCC_PREFIX_HEADER = "GRKCircularGraphViewTestApp/GRKCircularGraphViewTestApp-Prefix.pch";
				INFOPLIST_FILE = "GRKCircularGraphViewTestAppTests/GRKCircularGraphViewTestAppTests-Info.plist";
				PRODUCT_BUNDLE_IDENTIFIER = "com.levigroker.${PRODUCT_NAME:rfc1034identifier}";
				PRODUCT_NAME = "$(TARGET_NAME)";
				TEST_HOST = "$(BUNDLE_LOADER)";
				WRAPPER_EXTENSION = xctest;
			};
			name = Release;
		};
/* End XCBuildConfiguration section */

/* Begin XCConfigurationList section */
		DBC09F5619929E5F00475E89 /* Build configuration list for PBXProject "GRKCircularGraphViewTestApp" */ = {
			isa = XCConfigurationList;
			buildConfigurations = (
				DBC09F8B19929E5F00475E89 /* Debug */,
				DBC09F8C19929E5F00475E89 /* Release */,
			);
			defaultConfigurationIsVisible = 0;
			defaultConfigurationName = Release;
		};
		DBC09F8D19929E5F00475E89 /* Build configuration list for PBXNativeTarget "GRKCircularGraphViewTestApp" */ = {
			isa = XCConfigurationList;
			buildConfigurations = (
				DBC09F8E19929E5F00475E89 /* Debug */,
				DBC09F8F19929E5F00475E89 /* Release */,
			);
			defaultConfigurationIsVisible = 0;
			defaultConfigurationName = Release;
		};
		DBC09F9019929E5F00475E89 /* Build configuration list for PBXNativeTarget "GRKCircularGraphViewTestAppTests" */ = {
			isa = XCConfigurationList;
			buildConfigurations = (
				DBC09F9119929E5F00475E89 /* Debug */,
				DBC09F9219929E5F00475E89 /* Release */,
			);
			defaultConfigurationIsVisible = 0;
			defaultConfigurationName = Release;
		};
/* End XCConfigurationList section */
	};
	rootObject = DBC09F5319929E5F00475E89 /* Project object */;
}
